
Microsoft Visual Studio Solution File, Format Version 12.00
# Visual Studio Version 16
VisualStudioVersion = 16.0.32413.511
MinimumVisualStudioVersion = 10.0.40219.1
Project("{FAE04EC0-301F-11D3-BF4B-00C04F79EFBC}") = "GetAudio", "GetAudio\GetAudio.csproj", "{4DF131D1-8683-4CB0-86C3-187F61551E22}"
EndProject
Global
	GlobalSection(SolutionConfigurationPlatforms) = preSolution
		Debug|Any CPU = Debug|Any CPU
		Release|Any CPU = Release|Any CPU
	EndGlobalSection
	GlobalSection(ProjectConfigurationPlatforms) = postSolution
		{4DF131D1-8683-4CB0-86C3-187F61551E22}.Debug|Any CPU.ActiveCfg = Debug|Any CPU
		{4DF131D1-8683-4CB0-86C3-187F61551E22}.Debug|Any CPU.Build.0 = Debug|Any CPU
		{4DF131D1-8683-4CB0-86C3-187F61551E22}.Release|Any CPU.ActiveCfg = Release|Any CPU
		{4DF131D1-8683-4CB0-86C3-187F61551E22}.Release|Any CPU.Build.0 = Release|Any CPU
	EndGlobalSection
	GlobalSection(SolutionProperties) = preSolution
		HideSolutionNode = FALSE
	EndGlobalSection
	GlobalSection(ExtensibilityGlobals) = postSolution
		SolutionGuid = {CAE55223-A4C8-4176-82EF-2495E7661327}
	EndGlobalSection
EndGlobal
